
Microsoft Visual Studio Solution File, Format Version 12.00
# Visual Studio Version 17
VisualStudioVersion = 17.9.34310.174
MinimumVisualStudioVersion = 10.0.40219.1
Project("{FAE04EC0-301F-11D3-BF4B-00C04F79EFBC}") = "TrainCloud.Tests.Microservices.Core", "TrainCloud.Tests.Microservices.Core\TrainCloud.Tests.Microservices.Core.csproj", "{012350D9-9D50-4E03-8499-0D24976DC889}"
EndProject
Global
	GlobalSection(SolutionConfigurationPlatforms) = preSolution
		Debug|Any CPU = Debug|Any CPU
		Release|Any CPU = Release|Any CPU
	EndGlobalSection
	GlobalSection(ProjectConfigurationPlatforms) = postSolution
		{012350D9-9D50-4E03-8499-0D24976DC889}.Debug|Any CPU.ActiveCfg = Debug|Any CPU
		{012350D9-9D50-4E03-8499-0D24976DC889}.Debug|Any CPU.Build.0 = Debug|Any CPU
		{012350D9-9D50-4E03-8499-0D24976DC889}.Release|Any CPU.ActiveCfg = Release|Any CPU
		{012350D9-9D50-4E03-8499-0D24976DC889}.Release|Any CPU.Build.0 = Release|Any CPU
	EndGlobalSection
	GlobalSection(SolutionProperties) = preSolution
		HideSolutionNode = FALSE
	EndGlobalSection
	GlobalSection(ExtensibilityGlobals) = postSolution
		SolutionGuid = {59C5823C-9964-4D6C-BA2C-B7590CC46AF9}
	EndGlobalSection
EndGlobal
